
Microsoft Visual Studio Solution File, Format Version 12.00
# Visual Studio Version 17
VisualStudioVersion = 17.14.36109.1
MinimumVisualStudioVersion = 10.0.40219.1
Project("{2150E333-8FDC-42A3-9474-1A3956D46DE8}") = "src", "src", "{02EA681E-C7D8-13C7-8484-4AC65E1B71E8}"
EndProject
Project("{2150E333-8FDC-42A3-9474-1A3956D46DE8}") = "Core", "Core", "{71E34E55-0930-463E-8369-EAFA6161D5A8}"
EndProject
Project("{2150E333-8FDC-42A3-9474-1A3956D46DE8}") = "Modules", "Modules", "{8BDA57C6-1FBB-4271-8081-E754CA592CE2}"
EndProject
Project("{2150E333-8FDC-42A3-9474-1A3956D46DE8}") = "tests", "tests", "{611362AE-6132-4067-BF8F-3D3F713C2FB9}"
EndProject
Project("{2150E333-8FDC-42A3-9474-1A3956D46DE8}") = "Infrastructure", "Infrastructure", "{51BDB35B-FFFB-4CC3-8100-16BF9D127E5F}"
EndProject
Project("{2150E333-8FDC-42A3-9474-1A3956D46DE8}") = "BackgroundJobs", "BackgroundJobs", "{B92444F6-5EB9-4BA1-9240-6FFE275C3470}"
EndProject
Project("{2150E333-8FDC-42A3-9474-1A3956D46DE8}") = "Database", "Database", "{FA400057-51D1-4AA6-929B-34A200352644}"
EndProject
Project("{2150E333-8FDC-42A3-9474-1A3956D46DE8}") = "PDFGeneration", "PDFGeneration", "{C7D3B518-2DB4-47DC-8834-7F64965FCBF0}"
EndProject
Project("{2150E333-8FDC-42A3-9474-1A3956D46DE8}") = "Caching", "Caching", "{1C7FEC0B-CEAA-4B8B-A784-371D0FDE4827}"
EndProject
Project("{2150E333-8FDC-42A3-9474-1A3956D46DE8}") = "SharedKernel", "SharedKernel", "{B2460732-CF72-4048-87C4-3533267C17D6}"
EndProject
Project("{FAE04EC0-301F-11D3-BF4B-00C04F79EFBC}") = "Infrastructure.BackgroundJobs", "Infrastructure.BackgroundJobs\Infrastructure.BackgroundJobs.csproj", "{8CD48EA2-ED25-4EB0-9F01-784EECB7C8B0}"
EndProject
Project("{FAE04EC0-301F-11D3-BF4B-00C04F79EFBC}") = "Infrastructure.Cache", "Infrastructure.Cache\Infrastructure.Cache.csproj", "{2B20956D-CB94-4482-8855-26743A4C1541}"
EndProject
Project("{FAE04EC0-301F-11D3-BF4B-00C04F79EFBC}") = "Core.SharedKernel", "Core.SharedKernel\Core.SharedKernel.csproj", "{D8C1C129-2FE5-415B-AE3F-AC05018D2B76}"
EndProject
Project("{FAE04EC0-301F-11D3-BF4B-00C04F79EFBC}") = "Infrastructure.PDFGeneration", "Infrastructure.PDFGeneration\Infrastructure.PDFGeneration.csproj", "{58B7C1AD-B925-40CD-BBA7-0A4739685E89}"
EndProject
Project("{2150E333-8FDC-42A3-9474-1A3956D46DE8}") = "EmailServices", "EmailServices", "{593B3874-DD18-4B31-8F0D-9D9F7AC771C6}"
EndProject
Project("{FAE04EC0-301F-11D3-BF4B-00C04F79EFBC}") = "Infrastructure.EmailService", "Infrastructure.EmailService\Infrastructure.EmailService.csproj", "{816CED9E-F1AA-4FC0-B054-2900BB499273}"
EndProject
Project("{2150E333-8FDC-42A3-9474-1A3956D46DE8}") = "EventServices", "EventServices", "{434B4135-5839-4A72-8097-EDDEAE27E556}"
EndProject
Project("{2150E333-8FDC-42A3-9474-1A3956D46DE8}") = "LoggingService", "LoggingService", "{BA5A7C73-45C6-4078-AFCC-AA610FDCCA35}"
EndProject
Project("{FAE04EC0-301F-11D3-BF4B-00C04F79EFBC}") = "Core.Logging", "Core.Logging\Core.Logging.csproj", "{F7525DF7-1A7B-4801-BB3F-B266C5AA897C}"
EndProject
Project("{FAE04EC0-301F-11D3-BF4B-00C04F79EFBC}") = "Core.EventServices", "Core.EventServices\Core.EventServices.csproj", "{532B8786-6D2B-4248-B800-7521FC27CCE3}"
EndProject
Project("{FAE04EC0-301F-11D3-BF4B-00C04F79EFBC}") = "Infrastructure.Persistence", "Infrastructure.Persistence\Infrastructure.Persistence.csproj", "{4D8DC7EB-E013-4BA5-A756-D9FB29395CCC}"
EndProject
Project("{FAE04EC0-301F-11D3-BF4B-00C04F79EFBC}") = "Core.APIGateway", "Core.APIGateway\Core.APIGateway.csproj", "{D21FD7D6-7306-40F8-A7A8-3758293DCF17}"
EndProject
Project("{2150E333-8FDC-42A3-9474-1A3956D46DE8}") = "UserManagement", "UserManagement", "{3247E05E-1ACC-4B83-9599-3FCE41CE6B6A}"
EndProject
Project("{FAE04EC0-301F-11D3-BF4B-00C04F79EFBC}") = "UserManagement.Domain", "UserManagement.Domain\UserManagement.Domain.csproj", "{4D4D628E-5B5A-4B12-89EE-E6814E0E8F47}"
EndProject
Project("{FAE04EC0-301F-11D3-BF4B-00C04F79EFBC}") = "UserManagement.Application", "UserManagement.Application\UserManagement.Application.csproj", "{07B3F3E6-14B3-4C87-80E0-983A8282CA63}"
EndProject
Project("{FAE04EC0-301F-11D3-BF4B-00C04F79EFBC}") = "UserManagement.Infrastructure", "UserManagement.Infrastructure\UserManagement.Infrastructure.csproj", "{BB7D2210-212D-42BB-A7D2-F91DE204851E}"
EndProject
Project("{FAE04EC0-301F-11D3-BF4B-00C04F79EFBC}") = "UserManagement.Presentation", "UserManagement.Presentation\UserManagement.Presentation.csproj", "{6CB86988-ECE4-A1A2-A959-A7F525DE2246}"
EndProject
Project("{FAE04EC0-301F-11D3-BF4B-00C04F79EFBC}") = "CraftConnect.AppHost", "CraftConnect.AppHost\CraftConnect.AppHost.csproj", "{2E09A413-267F-406E-B239-96F7497A9D66}"
EndProject
Project("{FAE04EC0-301F-11D3-BF4B-00C04F79EFBC}") = "CraftConnect.ServiceDefaults", "CraftConnect.ServiceDefaults\CraftConnect.ServiceDefaults.csproj", "{9DE4E689-610B-2471-D555-8D1D06859321}"
EndProject
Project("{2150E333-8FDC-42A3-9474-1A3956D46DE8}") = "BookingManagement", "BookingManagement", "{A3BA79BB-6C11-4246-BC0A-2A70D7DA82D2}"
EndProject
Project("{FAE04EC0-301F-11D3-BF4B-00C04F79EFBC}") = "BookingManagement.Domain", "BookingManagement.Domain\BookingManagement.Domain.csproj", "{2D28DEDD-A028-4A84-AC04-0FB2E702F0F9}"
EndProject
Project("{FAE04EC0-301F-11D3-BF4B-00C04F79EFBC}") = "BookingManagement.Application", "BookingManagement.Application\BookingManagement.Application.csproj", "{D6EB363B-A3FE-453A-A3B6-B3A46F8060FF}"
EndProject
Project("{FAE04EC0-301F-11D3-BF4B-00C04F79EFBC}") = "BookingManagement.Infrastructure", "BookingManagement.Infrastructure\BookingManagement.Infrastructure.csproj", "{E80A7551-C035-4045-ACA4-80834FB3B86A}"
EndProject
Project("{FAE04EC0-301F-11D3-BF4B-00C04F79EFBC}") = "BookingManagement.Presentation", "BookingManagement.Presentation\BookingManagement.Presentation.csproj", "{FA45D4E3-6810-1B3F-233C-22C66EFAA1C5}"
EndProject
Project("{FAE04EC0-301F-11D3-BF4B-00C04F79EFBC}") = "CraftConnect.Tests", "CraftConnect.Tests\CraftConnect.Tests.csproj", "{AF1F7CB4-DF01-4618-83F4-E9EBE97072D3}"
EndProject
Project("{2150E333-8FDC-42A3-9474-1A3956D46DE8}") = "ProductInventoryManagement", "ProductInventoryManagement", "{83B82B6B-0992-4F9D-AA18-5A689B8D358C}"
EndProject
Project("{FAE04EC0-301F-11D3-BF4B-00C04F79EFBC}") = "ProductInventoryManagement.Domain", "ProductInventoryManagement.Domain\ProductInventoryManagement.Domain.csproj", "{8132A0DB-E228-41BC-BABF-31822C54A7FA}"
EndProject
Project("{FAE04EC0-301F-11D3-BF4B-00C04F79EFBC}") = "ProductInventoryManagement.Application", "ProductInventoryManagement.Application\ProductInventoryManagement.Application.csproj", "{E6EC8605-BF74-40B3-AD80-AA4AA8B469E0}"
EndProject
Project("{FAE04EC0-301F-11D3-BF4B-00C04F79EFBC}") = "ProductInventoryManagement.Infrastructure", "ProductInventoryManagement.Infrastructure\ProductInventoryManagement.Infrastructure.csproj", "{2B3A3638-7A59-416F-88E8-FE558CC0AABB}"
EndProject
Project("{FAE04EC0-301F-11D3-BF4B-00C04F79EFBC}") = "ProductInventoryManagement.Presentation", "ProductInventoryManagement.Presentation\ProductInventoryManagement.Presentation.csproj", "{70E20B76-D9E6-8F47-21AE-CFB71957C75C}"
EndProject
Project("{2150E333-8FDC-42A3-9474-1A3956D46DE8}") = "PaymentManagement", "PaymentManagement", "{1CB90ECE-B898-4B19-AAAE-18B2ECCF6B7E}"
EndProject
Project("{2150E333-8FDC-42A3-9474-1A3956D46DE8}") = "ReviewRatingManagement", "ReviewRatingManagement", "{53BD6595-1168-47AF-B070-840575FDCFD4}"
EndProject
Project("{2150E333-8FDC-42A3-9474-1A3956D46DE8}") = "NotificationManagement", "NotificationManagement", "{2F8D1A61-AF4A-41FC-AA16-F240294EE7C4}"
EndProject
Project("{2150E333-8FDC-42A3-9474-1A3956D46DE8}") = "DocumentManagement", "DocumentManagement", "{4B119804-9EC1-473F-AE19-A0E363E9A5D3}"
EndProject
Project("{2150E333-8FDC-42A3-9474-1A3956D46DE8}") = "PromotionManagement", "PromotionManagement", "{895BF298-6F8A-43ED-B3AF-C44A7299F7C6}"
EndProject
Project("{2150E333-8FDC-42A3-9474-1A3956D46DE8}") = "AuditManagement", "AuditManagement", "{277B1DE8-9725-42D9-AD29-770F13705AF1}"
EndProject
Project("{2150E333-8FDC-42A3-9474-1A3956D46DE8}") = "LocationServiceManagement", "LocationServiceManagement", "{B08691C7-F769-4315-892E-31423413B48F}"
EndProject
Project("{2150E333-8FDC-42A3-9474-1A3956D46DE8}") = "ReportingAnalyticsManagement", "ReportingAnalyticsManagement", "{EE660A20-DE86-4D04-B443-290A522291E1}"
EndProject
Project("{FAE04EC0-301F-11D3-BF4B-00C04F79EFBC}") = "PaymentManagement.Domain", "PaymentManagement.Domain\PaymentManagement.Domain.csproj", "{F2B9CA72-D51A-4046-B3D3-7E5A84DF9A6D}"
EndProject
Global
	GlobalSection(SolutionConfigurationPlatforms) = preSolution
		Debug|Any CPU = Debug|Any CPU
		Release|Any CPU = Release|Any CPU
	EndGlobalSection
	GlobalSection(ProjectConfigurationPlatforms) = postSolution
		{8CD48EA2-ED25-4EB0-9F01-784EECB7C8B0}.Debug|Any CPU.ActiveCfg = Debug|Any CPU
		{8CD48EA2-ED25-4EB0-9F01-784EECB7C8B0}.Debug|Any CPU.Build.0 = Debug|Any CPU
		{8CD48EA2-ED25-4EB0-9F01-784EECB7C8B0}.Release|Any CPU.ActiveCfg = Release|Any CPU
		{8CD48EA2-ED25-4EB0-9F01-784EECB7C8B0}.Release|Any CPU.Build.0 = Release|Any CPU
		{2B20956D-CB94-4482-8855-26743A4C1541}.Debug|Any CPU.ActiveCfg = Debug|Any CPU
		{2B20956D-CB94-4482-8855-26743A4C1541}.Debug|Any CPU.Build.0 = Debug|Any CPU
		{2B20956D-CB94-4482-8855-26743A4C1541}.Release|Any CPU.ActiveCfg = Release|Any CPU
		{2B20956D-CB94-4482-8855-26743A4C1541}.Release|Any CPU.Build.0 = Release|Any CPU
		{D8C1C129-2FE5-415B-AE3F-AC05018D2B76}.Debug|Any CPU.ActiveCfg = Debug|Any CPU
		{D8C1C129-2FE5-415B-AE3F-AC05018D2B76}.Debug|Any CPU.Build.0 = Debug|Any CPU
		{D8C1C129-2FE5-415B-AE3F-AC05018D2B76}.Release|Any CPU.ActiveCfg = Release|Any CPU
		{D8C1C129-2FE5-415B-AE3F-AC05018D2B76}.Release|Any CPU.Build.0 = Release|Any CPU
		{58B7C1AD-B925-40CD-BBA7-0A4739685E89}.Debug|Any CPU.ActiveCfg = Debug|Any CPU
		{58B7C1AD-B925-40CD-BBA7-0A4739685E89}.Debug|Any CPU.Build.0 = Debug|Any CPU
		{58B7C1AD-B925-40CD-BBA7-0A4739685E89}.Release|Any CPU.ActiveCfg = Release|Any CPU
		{58B7C1AD-B925-40CD-BBA7-0A4739685E89}.Release|Any CPU.Build.0 = Release|Any CPU
		{816CED9E-F1AA-4FC0-B054-2900BB499273}.Debug|Any CPU.ActiveCfg = Debug|Any CPU
		{816CED9E-F1AA-4FC0-B054-2900BB499273}.Debug|Any CPU.Build.0 = Debug|Any CPU
		{816CED9E-F1AA-4FC0-B054-2900BB499273}.Release|Any CPU.ActiveCfg = Release|Any CPU
		{816CED9E-F1AA-4FC0-B054-2900BB499273}.Release|Any CPU.Build.0 = Release|Any CPU
		{F7525DF7-1A7B-4801-BB3F-B266C5AA897C}.Debug|Any CPU.ActiveCfg = Debug|Any CPU
		{F7525DF7-1A7B-4801-BB3F-B266C5AA897C}.Debug|Any CPU.Build.0 = Debug|Any CPU
		{F7525DF7-1A7B-4801-BB3F-B266C5AA897C}.Release|Any CPU.ActiveCfg = Release|Any CPU
		{F7525DF7-1A7B-4801-BB3F-B266C5AA897C}.Release|Any CPU.Build.0 = Release|Any CPU
		{532B8786-6D2B-4248-B800-7521FC27CCE3}.Debug|Any CPU.ActiveCfg = Debug|Any CPU
		{532B8786-6D2B-4248-B800-7521FC27CCE3}.Debug|Any CPU.Build.0 = Debug|Any CPU
		{532B8786-6D2B-4248-B800-7521FC27CCE3}.Release|Any CPU.ActiveCfg = Release|Any CPU
		{532B8786-6D2B-4248-B800-7521FC27CCE3}.Release|Any CPU.Build.0 = Release|Any CPU
		{4D8DC7EB-E013-4BA5-A756-D9FB29395CCC}.Debug|Any CPU.ActiveCfg = Debug|Any CPU
		{4D8DC7EB-E013-4BA5-A756-D9FB29395CCC}.Debug|Any CPU.Build.0 = Debug|Any CPU
		{4D8DC7EB-E013-4BA5-A756-D9FB29395CCC}.Release|Any CPU.ActiveCfg = Release|Any CPU
		{4D8DC7EB-E013-4BA5-A756-D9FB29395CCC}.Release|Any CPU.Build.0 = Release|Any CPU
		{D21FD7D6-7306-40F8-A7A8-3758293DCF17}.Debug|Any CPU.ActiveCfg = Debug|Any CPU
		{D21FD7D6-7306-40F8-A7A8-3758293DCF17}.Debug|Any CPU.Build.0 = Debug|Any CPU
		{D21FD7D6-7306-40F8-A7A8-3758293DCF17}.Release|Any CPU.ActiveCfg = Release|Any CPU
		{D21FD7D6-7306-40F8-A7A8-3758293DCF17}.Release|Any CPU.Build.0 = Release|Any CPU
		{4D4D628E-5B5A-4B12-89EE-E6814E0E8F47}.Debug|Any CPU.ActiveCfg = Debug|Any CPU
		{4D4D628E-5B5A-4B12-89EE-E6814E0E8F47}.Debug|Any CPU.Build.0 = Debug|Any CPU
		{4D4D628E-5B5A-4B12-89EE-E6814E0E8F47}.Release|Any CPU.ActiveCfg = Release|Any CPU
		{4D4D628E-5B5A-4B12-89EE-E6814E0E8F47}.Release|Any CPU.Build.0 = Release|Any CPU
		{07B3F3E6-14B3-4C87-80E0-983A8282CA63}.Debug|Any CPU.ActiveCfg = Debug|Any CPU
		{07B3F3E6-14B3-4C87-80E0-983A8282CA63}.Debug|Any CPU.Build.0 = Debug|Any CPU
		{07B3F3E6-14B3-4C87-80E0-983A8282CA63}.Release|Any CPU.ActiveCfg = Release|Any CPU
		{07B3F3E6-14B3-4C87-80E0-983A8282CA63}.Release|Any CPU.Build.0 = Release|Any CPU
		{BB7D2210-212D-42BB-A7D2-F91DE204851E}.Debug|Any CPU.ActiveCfg = Debug|Any CPU
		{BB7D2210-212D-42BB-A7D2-F91DE204851E}.Debug|Any CPU.Build.0 = Debug|Any CPU
		{BB7D2210-212D-42BB-A7D2-F91DE204851E}.Release|Any CPU.ActiveCfg = Release|Any CPU
		{BB7D2210-212D-42BB-A7D2-F91DE204851E}.Release|Any CPU.Build.0 = Release|Any CPU
		{6CB86988-ECE4-A1A2-A959-A7F525DE2246}.Debug|Any CPU.ActiveCfg = Debug|Any CPU
		{6CB86988-ECE4-A1A2-A959-A7F525DE2246}.Debug|Any CPU.Build.0 = Debug|Any CPU
		{6CB86988-ECE4-A1A2-A959-A7F525DE2246}.Release|Any CPU.ActiveCfg = Release|Any CPU
		{6CB86988-ECE4-A1A2-A959-A7F525DE2246}.Release|Any CPU.Build.0 = Release|Any CPU
		{2E09A413-267F-406E-B239-96F7497A9D66}.Debug|Any CPU.ActiveCfg = Debug|Any CPU
		{2E09A413-267F-406E-B239-96F7497A9D66}.Debug|Any CPU.Build.0 = Debug|Any CPU
		{2E09A413-267F-406E-B239-96F7497A9D66}.Release|Any CPU.ActiveCfg = Release|Any CPU
		{2E09A413-267F-406E-B239-96F7497A9D66}.Release|Any CPU.Build.0 = Release|Any CPU
		{9DE4E689-610B-2471-D555-8D1D06859321}.Debug|Any CPU.ActiveCfg = Debug|Any CPU
		{9DE4E689-610B-2471-D555-8D1D06859321}.Debug|Any CPU.Build.0 = Debug|Any CPU
		{9DE4E689-610B-2471-D555-8D1D06859321}.Release|Any CPU.ActiveCfg = Release|Any CPU
		{9DE4E689-610B-2471-D555-8D1D06859321}.Release|Any CPU.Build.0 = Release|Any CPU
		{2D28DEDD-A028-4A84-AC04-0FB2E702F0F9}.Debug|Any CPU.ActiveCfg = Debug|Any CPU
		{2D28DEDD-A028-4A84-AC04-0FB2E702F0F9}.Debug|Any CPU.Build.0 = Debug|Any CPU
		{2D28DEDD-A028-4A84-AC04-0FB2E702F0F9}.Release|Any CPU.ActiveCfg = Release|Any CPU
		{2D28DEDD-A028-4A84-AC04-0FB2E702F0F9}.Release|Any CPU.Build.0 = Release|Any CPU
		{D6EB363B-A3FE-453A-A3B6-B3A46F8060FF}.Debug|Any CPU.ActiveCfg = Debug|Any CPU
		{D6EB363B-A3FE-453A-A3B6-B3A46F8060FF}.Debug|Any CPU.Build.0 = Debug|Any CPU
		{D6EB363B-A3FE-453A-A3B6-B3A46F8060FF}.Release|Any CPU.ActiveCfg = Release|Any CPU
		{D6EB363B-A3FE-453A-A3B6-B3A46F8060FF}.Release|Any CPU.Build.0 = Release|Any CPU
		{E80A7551-C035-4045-ACA4-80834FB3B86A}.Debug|Any CPU.ActiveCfg = Debug|Any CPU
		{E80A7551-C035-4045-ACA4-80834FB3B86A}.Debug|Any CPU.Build.0 = Debug|Any CPU
		{E80A7551-C035-4045-ACA4-80834FB3B86A}.Release|Any CPU.ActiveCfg = Release|Any CPU
		{E80A7551-C035-4045-ACA4-80834FB3B86A}.Release|Any CPU.Build.0 = Release|Any CPU
		{FA45D4E3-6810-1B3F-233C-22C66EFAA1C5}.Debug|Any CPU.ActiveCfg = Debug|Any CPU
		{FA45D4E3-6810-1B3F-233C-22C66EFAA1C5}.Debug|Any CPU.Build.0 = Debug|Any CPU
		{FA45D4E3-6810-1B3F-233C-22C66EFAA1C5}.Release|Any CPU.ActiveCfg = Release|Any CPU
		{FA45D4E3-6810-1B3F-233C-22C66EFAA1C5}.Release|Any CPU.Build.0 = Release|Any CPU
		{AF1F7CB4-DF01-4618-83F4-E9EBE97072D3}.Debug|Any CPU.ActiveCfg = Debug|Any CPU
		{AF1F7CB4-DF01-4618-83F4-E9EBE97072D3}.Debug|Any CPU.Build.0 = Debug|Any CPU
		{AF1F7CB4-DF01-4618-83F4-E9EBE97072D3}.Release|Any CPU.ActiveCfg = Release|Any CPU
		{AF1F7CB4-DF01-4618-83F4-E9EBE97072D3}.Release|Any CPU.Build.0 = Release|Any CPU
		{8132A0DB-E228-41BC-BABF-31822C54A7FA}.Debug|Any CPU.ActiveCfg = Debug|Any CPU
		{8132A0DB-E228-41BC-BABF-31822C54A7FA}.Debug|Any CPU.Build.0 = Debug|Any CPU
		{8132A0DB-E228-41BC-BABF-31822C54A7FA}.Release|Any CPU.ActiveCfg = Release|Any CPU
		{8132A0DB-E228-41BC-BABF-31822C54A7FA}.Release|Any CPU.Build.0 = Release|Any CPU
		{E6EC8605-BF74-40B3-AD80-AA4AA8B469E0}.Debug|Any CPU.ActiveCfg = Debug|Any CPU
		{E6EC8605-BF74-40B3-AD80-AA4AA8B469E0}.Debug|Any CPU.Build.0 = Debug|Any CPU
		{E6EC8605-BF74-40B3-AD80-AA4AA8B469E0}.Release|Any CPU.ActiveCfg = Release|Any CPU
		{E6EC8605-BF74-40B3-AD80-AA4AA8B469E0}.Release|Any CPU.Build.0 = Release|Any CPU
		{2B3A3638-7A59-416F-88E8-FE558CC0AABB}.Debug|Any CPU.ActiveCfg = Debug|Any CPU
		{2B3A3638-7A59-416F-88E8-FE558CC0AABB}.Debug|Any CPU.Build.0 = Debug|Any CPU
		{2B3A3638-7A59-416F-88E8-FE558CC0AABB}.Release|Any CPU.ActiveCfg = Release|Any CPU
		{2B3A3638-7A59-416F-88E8-FE558CC0AABB}.Release|Any CPU.Build.0 = Release|Any CPU
		{70E20B76-D9E6-8F47-21AE-CFB71957C75C}.Debug|Any CPU.ActiveCfg = Debug|Any CPU
		{70E20B76-D9E6-8F47-21AE-CFB71957C75C}.Debug|Any CPU.Build.0 = Debug|Any CPU
		{70E20B76-D9E6-8F47-21AE-CFB71957C75C}.Release|Any CPU.ActiveCfg = Release|Any CPU
		{70E20B76-D9E6-8F47-21AE-CFB71957C75C}.Release|Any CPU.Build.0 = Release|Any CPU
		{F2B9CA72-D51A-4046-B3D3-7E5A84DF9A6D}.Debug|Any CPU.ActiveCfg = Debug|Any CPU
		{F2B9CA72-D51A-4046-B3D3-7E5A84DF9A6D}.Debug|Any CPU.Build.0 = Debug|Any CPU
		{F2B9CA72-D51A-4046-B3D3-7E5A84DF9A6D}.Release|Any CPU.ActiveCfg = Release|Any CPU
		{F2B9CA72-D51A-4046-B3D3-7E5A84DF9A6D}.Release|Any CPU.Build.0 = Release|Any CPU
	EndGlobalSection
	GlobalSection(SolutionProperties) = preSolution
		HideSolutionNode = FALSE
	EndGlobalSection
	GlobalSection(NestedProjects) = preSolution
		{71E34E55-0930-463E-8369-EAFA6161D5A8} = {02EA681E-C7D8-13C7-8484-4AC65E1B71E8}
		{8BDA57C6-1FBB-4271-8081-E754CA592CE2} = {02EA681E-C7D8-13C7-8484-4AC65E1B71E8}
		{51BDB35B-FFFB-4CC3-8100-16BF9D127E5F} = {02EA681E-C7D8-13C7-8484-4AC65E1B71E8}
		{B92444F6-5EB9-4BA1-9240-6FFE275C3470} = {51BDB35B-FFFB-4CC3-8100-16BF9D127E5F}
		{FA400057-51D1-4AA6-929B-34A200352644} = {51BDB35B-FFFB-4CC3-8100-16BF9D127E5F}
		{C7D3B518-2DB4-47DC-8834-7F64965FCBF0} = {51BDB35B-FFFB-4CC3-8100-16BF9D127E5F}
		{1C7FEC0B-CEAA-4B8B-A784-371D0FDE4827} = {51BDB35B-FFFB-4CC3-8100-16BF9D127E5F}
		{B2460732-CF72-4048-87C4-3533267C17D6} = {71E34E55-0930-463E-8369-EAFA6161D5A8}
		{8CD48EA2-ED25-4EB0-9F01-784EECB7C8B0} = {B92444F6-5EB9-4BA1-9240-6FFE275C3470}
		{2B20956D-CB94-4482-8855-26743A4C1541} = {1C7FEC0B-CEAA-4B8B-A784-371D0FDE4827}
		{D8C1C129-2FE5-415B-AE3F-AC05018D2B76} = {B2460732-CF72-4048-87C4-3533267C17D6}
		{58B7C1AD-B925-40CD-BBA7-0A4739685E89} = {C7D3B518-2DB4-47DC-8834-7F64965FCBF0}
		{593B3874-DD18-4B31-8F0D-9D9F7AC771C6} = {51BDB35B-FFFB-4CC3-8100-16BF9D127E5F}
		{816CED9E-F1AA-4FC0-B054-2900BB499273} = {593B3874-DD18-4B31-8F0D-9D9F7AC771C6}
		{434B4135-5839-4A72-8097-EDDEAE27E556} = {71E34E55-0930-463E-8369-EAFA6161D5A8}
		{BA5A7C73-45C6-4078-AFCC-AA610FDCCA35} = {71E34E55-0930-463E-8369-EAFA6161D5A8}
		{F7525DF7-1A7B-4801-BB3F-B266C5AA897C} = {BA5A7C73-45C6-4078-AFCC-AA610FDCCA35}
		{532B8786-6D2B-4248-B800-7521FC27CCE3} = {434B4135-5839-4A72-8097-EDDEAE27E556}
		{4D8DC7EB-E013-4BA5-A756-D9FB29395CCC} = {FA400057-51D1-4AA6-929B-34A200352644}
		{D21FD7D6-7306-40F8-A7A8-3758293DCF17} = {71E34E55-0930-463E-8369-EAFA6161D5A8}
		{3247E05E-1ACC-4B83-9599-3FCE41CE6B6A} = {8BDA57C6-1FBB-4271-8081-E754CA592CE2}
		{4D4D628E-5B5A-4B12-89EE-E6814E0E8F47} = {3247E05E-1ACC-4B83-9599-3FCE41CE6B6A}
		{07B3F3E6-14B3-4C87-80E0-983A8282CA63} = {3247E05E-1ACC-4B83-9599-3FCE41CE6B6A}
		{BB7D2210-212D-42BB-A7D2-F91DE204851E} = {3247E05E-1ACC-4B83-9599-3FCE41CE6B6A}
		{6CB86988-ECE4-A1A2-A959-A7F525DE2246} = {3247E05E-1ACC-4B83-9599-3FCE41CE6B6A}
		{A3BA79BB-6C11-4246-BC0A-2A70D7DA82D2} = {8BDA57C6-1FBB-4271-8081-E754CA592CE2}
		{2D28DEDD-A028-4A84-AC04-0FB2E702F0F9} = {A3BA79BB-6C11-4246-BC0A-2A70D7DA82D2}
		{D6EB363B-A3FE-453A-A3B6-B3A46F8060FF} = {A3BA79BB-6C11-4246-BC0A-2A70D7DA82D2}
		{E80A7551-C035-4045-ACA4-80834FB3B86A} = {A3BA79BB-6C11-4246-BC0A-2A70D7DA82D2}
		{FA45D4E3-6810-1B3F-233C-22C66EFAA1C5} = {A3BA79BB-6C11-4246-BC0A-2A70D7DA82D2}
		{AF1F7CB4-DF01-4618-83F4-E9EBE97072D3} = {611362AE-6132-4067-BF8F-3D3F713C2FB9}
		{83B82B6B-0992-4F9D-AA18-5A689B8D358C} = {8BDA57C6-1FBB-4271-8081-E754CA592CE2}
		{8132A0DB-E228-41BC-BABF-31822C54A7FA} = {83B82B6B-0992-4F9D-AA18-5A689B8D358C}
		{E6EC8605-BF74-40B3-AD80-AA4AA8B469E0} = {83B82B6B-0992-4F9D-AA18-5A689B8D358C}
		{2B3A3638-7A59-416F-88E8-FE558CC0AABB} = {83B82B6B-0992-4F9D-AA18-5A689B8D358C}
		{70E20B76-D9E6-8F47-21AE-CFB71957C75C} = {83B82B6B-0992-4F9D-AA18-5A689B8D358C}
		{1CB90ECE-B898-4B19-AAAE-18B2ECCF6B7E} = {8BDA57C6-1FBB-4271-8081-E754CA592CE2}
		{53BD6595-1168-47AF-B070-840575FDCFD4} = {8BDA57C6-1FBB-4271-8081-E754CA592CE2}
		{2F8D1A61-AF4A-41FC-AA16-F240294EE7C4} = {8BDA57C6-1FBB-4271-8081-E754CA592CE2}
		{4B119804-9EC1-473F-AE19-A0E363E9A5D3} = {8BDA57C6-1FBB-4271-8081-E754CA592CE2}
		{895BF298-6F8A-43ED-B3AF-C44A7299F7C6} = {8BDA57C6-1FBB-4271-8081-E754CA592CE2}
		{277B1DE8-9725-42D9-AD29-770F13705AF1} = {8BDA57C6-1FBB-4271-8081-E754CA592CE2}
		{B08691C7-F769-4315-892E-31423413B48F} = {8BDA57C6-1FBB-4271-8081-E754CA592CE2}
		{EE660A20-DE86-4D04-B443-290A522291E1} = {8BDA57C6-1FBB-4271-8081-E754CA592CE2}
		{F2B9CA72-D51A-4046-B3D3-7E5A84DF9A6D} = {1CB90ECE-B898-4B19-AAAE-18B2ECCF6B7E}
	EndGlobalSection
	GlobalSection(ExtensibilityGlobals) = postSolution
		SolutionGuid = {AE8EE197-C711-4DB1-9B30-88451F22C899}
	EndGlobalSection
EndGlobal
